version: 6
environments:
  default:
    channels:
    - url: https://conda.anaconda.org/conda-forge/
    - url: https://conda.anaconda.org/bioconda/
    options:
      pypi-prerelease-mode: if-necessary-or-explicit
    packages:
      osx-64:
      - conda: https://conda.anaconda.org/conda-forge/noarch/ca-certificates-2026.2.25-hbd8a1cb_0.conda
      - conda: https://conda.anaconda.org/conda-forge/osx-64/libcxx-22.1.2-h19cb2f5_0.conda
      - conda: https://conda.anaconda.org/conda-forge/osx-64/libffi-3.4.6-h281671d_1.conda
      - conda: https://conda.anaconda.org/conda-forge/osx-64/liblzma-5.8.2-h11316ed_0.conda
      - conda: https://conda.anaconda.org/conda-forge/osx-64/liblzma-devel-5.8.2-h11316ed_0.conda
      - conda: https://conda.anaconda.org/conda-forge/osx-64/libsqlite-3.52.0-h77d7759_0.conda
      - conda: https://conda.anaconda.org/conda-forge/osx-64/libzlib-1.3.2-hbb4bfdb_2.conda
      - conda: https://conda.anaconda.org/conda-forge/osx-64/ncurses-6.5-h0622a9a_3.conda
      - conda: https://conda.anaconda.org/conda-forge/osx-64/openssl-1.1.1w-h8a1eda9_0.conda
      - conda: https://conda.anaconda.org/conda-forge/noarch/pip-21.3.1-pyhd8ed1ab_0.tar.bz2
      - conda: https://conda.anaconda.org/conda-forge/osx-64/python-3.6.15-haf480d7_0_cpython.tar.bz2
      - conda: https://conda.anaconda.org/conda-forge/osx-64/python_abi-3.6-2_cp36m.tar.bz2
      - conda: https://conda.anaconda.org/conda-forge/osx-64/readline-8.3-h68b038d_0.conda
      - conda: https://conda.anaconda.org/conda-forge/osx-64/setuptools-58.0.4-py36h79c6626_2.tar.bz2
      - conda: https://conda.anaconda.org/conda-forge/osx-64/sqlite-3.52.0-hd4d344e_0.conda
      - conda: https://conda.anaconda.org/conda-forge/osx-64/tk-8.6.13-h7142dee_3.conda
      - conda: https://conda.anaconda.org/conda-forge/noarch/wheel-0.37.1-pyhd8ed1ab_0.tar.bz2
      - conda: https://conda.anaconda.org/conda-forge/osx-64/xz-5.8.2-h8df612c_0.conda
      - conda: https://conda.anaconda.org/conda-forge/osx-64/xz-gpl-tools-5.8.2-h8df612c_0.conda
      - conda: https://conda.anaconda.org/conda-forge/osx-64/xz-tools-5.8.2-h11316ed_0.conda
packages:
- conda: https://conda.anaconda.org/conda-forge/noarch/ca-certificates-2026.2.25-hbd8a1cb_0.conda
  sha256: 67cc7101b36421c5913a1687ef1b99f85b5d6868da3abbf6ec1a4181e79782fc
  md5: 4492fd26db29495f0ba23f146cd5638d
  depends:
  - __unix
  license: ISC
  size: 147413
  timestamp: 1772006283803
- conda: https://conda.anaconda.org/conda-forge/osx-64/libcxx-22.1.2-h19cb2f5_0.conda
  sha256: 46561199545890e050a8a90edcfce984e5f881da86b09388926e3a6c6b759dec
  md5: ed6f7b7a35f942a0301e581d72616f7d
  depends:
  - __osx >=11.0
  license: Apache-2.0 WITH LLVM-exception
  license_family: Apache
  size: 564908
  timestamp: 1774439353713
- conda: https://conda.anaconda.org/conda-forge/osx-64/libffi-3.4.6-h281671d_1.conda
  sha256: 6394b1bc67c64a21a5cc73d1736d1d4193a64515152e861785c44d2cfc49edf3
  md5: 4ca9ea59839a9ca8df84170fab4ceb41
  depends:
  - __osx >=10.13
  license: MIT
  license_family: MIT
  size: 51216
  timestamp: 1743434595269
- conda: https://conda.anaconda.org/conda-forge/osx-64/liblzma-5.8.2-h11316ed_0.conda
  sha256: 7ab3c98abd3b5d5ec72faa8d9f5d4b50dcee4970ed05339bc381861199dabb41
  md5: 688a0c3d57fa118b9c97bf7e471ab46c
  depends:
  - __osx >=10.13
  constrains:
  - xz 5.8.2.*
  license: 0BSD
  size: 105482
  timestamp: 1768753411348
- conda: https://conda.anaconda.org/conda-forge/osx-64/liblzma-devel-5.8.2-h11316ed_0.conda
  sha256: 2835fa6890acb70fd83f2365123f8bc19fb6843e7f70f671bb7f6cc94f2a211d
  md5: 21ec03957f30412305e639a93b343915
  depends:
  - __osx >=10.13
  - liblzma 5.8.2 h11316ed_0
  license: 0BSD
  size: 117482
  timestamp: 1768753441559
- conda: https://conda.anaconda.org/conda-forge/osx-64/libsqlite-3.52.0-h77d7759_0.conda
  sha256: f500d1cd50cfcd288d02b8fc3c3b7ecf8de6fec7b86e57ea058def02908e4231
  md5: d553eb96758e038b04027b30fe314b2d
  depends:
  - __osx >=11.0
  - libzlib >=1.3.1,<2.0a0
  license: blessing
  size: 996526
  timestamp: 1772819669038
- conda: https://conda.anaconda.org/conda-forge/osx-64/libzlib-1.3.2-hbb4bfdb_2.conda
  sha256: 4c6da089952b2d70150c74234679d6f7ac04f4a98f9432dec724968f912691e7
  md5: 30439ff30578e504ee5e0b390afc8c65
  depends:
  - __osx >=11.0
  constrains:
  - zlib 1.3.2 *_2
  license: Zlib
  license_family: Other
  size: 59000
  timestamp: 1774073052242
- conda: https://conda.anaconda.org/conda-forge/osx-64/ncurses-6.5-h0622a9a_3.conda
  sha256: ea4a5d27ded18443749aefa49dc79f6356da8506d508b5296f60b8d51e0c4bd9
  md5: ced34dd9929f491ca6dab6a2927aff25
  depends:
  - __osx >=10.13
  license: X11 AND BSD-3-Clause
  size: 822259
  timestamp: 1738196181298
- conda: https://conda.anaconda.org/conda-forge/osx-64/openssl-1.1.1w-h8a1eda9_0.conda
  sha256: 58fd3b113c41202527f0bd6631887ff472cabfac67521f073fbf2bfc48e583b9
  md5: 83cdb687c0caa41dad9d4941afcdfd64
  depends:
  - ca-certificates
  license: OpenSSL
  license_family: Apache
  size: 1737034
  timestamp: 1694462007875
- conda: https://conda.anaconda.org/conda-forge/noarch/pip-21.3.1-pyhd8ed1ab_0.tar.bz2
  sha256: 5491649d26dbfe0b28adbf916226e15fb4bd76b650bc5363ad566c4dee9906e1
  md5: e4fe2a9af78ff11f1aced7e62128c6a8
  depends:
  - python >=3.6
  - setuptools
  - wheel
  license: MIT
  license_family: MIT
  size: 1259053
  timestamp: 1634925746569
- conda: https://conda.anaconda.org/conda-forge/osx-64/python-3.6.15-haf480d7_0_cpython.tar.bz2
  sha256: 129adddf558c58b5e107edd3240f9e9369b881c5f807a00d9129815ca88cf688
  md5: 35839e565826f7397f0892f4e0045027
  depends:
  - libcxx >=11.1.0
  - libffi >=3.4.2,<3.5.0a0
  - libzlib >=1.2.11,<2.0.0a0
  - ncurses >=6.2,<7.0.0a0
  - openssl >=1.1.1l,<1.1.2a
  - readline >=8.1,<9.0a0
  - sqlite >=3.37.0,<4.0a0
  - tk >=8.6.11,<8.7.0a0
  - xz >=5.2.5,<6.0.0a0
  constrains:
  - python_abi 3.6.* *_cp36m
  license: Python-2.0
  size: 21629039
  timestamp: 1638557749342
- conda: https://conda.anaconda.org/conda-forge/osx-64/python_abi-3.6-2_cp36m.tar.bz2
  build_number: 2
  sha256: 8c7684aeeb3f00cebc6807eafc5a40d72cff61967a91a727f8569ba863c421ca
  md5: 8bda098622b6c1548318108301221303
  depends:
  - python 3.6.*
  constrains:
  - pypy <0a0
  license: BSD-3-Clause
  license_family: BSD
  size: 4028
  timestamp: 1624472078323
- conda: https://conda.anaconda.org/conda-forge/osx-64/readline-8.3-h68b038d_0.conda
  sha256: 4614af680aa0920e82b953fece85a03007e0719c3399f13d7de64176874b80d5
  md5: eefd65452dfe7cce476a519bece46704
  depends:
  - __osx >=10.13
  - ncurses >=6.5,<7.0a0
  license: GPL-3.0-only
  license_family: GPL
  size: 317819
  timestamp: 1765813692798
- conda: https://conda.anaconda.org/conda-forge/osx-64/setuptools-58.0.4-py36h79c6626_2.tar.bz2
  sha256: 9b722edca3adb0109f91920e8c00413272a5fc3ffb7e8951f23f56e701975e25
  md5: 0ee5bdd15f4158aacefb640a70605b1d
  depends:
  - python >=3.6,<3.7.0a0
  - python_abi 3.6.* *_cp36m
  license: MIT
  license_family: MIT
  size: 982967
  timestamp: 1632599191789
- conda: https://conda.anaconda.org/conda-forge/osx-64/sqlite-3.52.0-hd4d344e_0.conda
  sha256: 0d73ecca4c779981cee4944167eb7c594bf1e43fb26e78d76707863f8411cb0e
  md5: 79e00ffdc07f17dc4051e9607e563256
  depends:
  - __osx >=11.0
  - libsqlite 3.52.0 h77d7759_0
  - libzlib >=1.3.1,<2.0a0
  - ncurses >=6.5,<7.0a0
  - readline >=8.3,<9.0a0
  license: blessing
  size: 190229
  timestamp: 1772819695441
- conda: https://conda.anaconda.org/conda-forge/osx-64/tk-8.6.13-h7142dee_3.conda
  sha256: 7f0d9c320288532873e2d8486c331ec6d87919c9028208d3f6ac91dc8f99a67b
  md5: 6e6efb7463f8cef69dbcb4c2205bf60e
  depends:
  - __osx >=10.13
  - libzlib >=1.3.1,<2.0a0
  license: TCL
  license_family: BSD
  size: 3282953
  timestamp: 1769460532442
- conda: https://conda.anaconda.org/conda-forge/noarch/wheel-0.37.1-pyhd8ed1ab_0.tar.bz2
  sha256: aede66e6370f3b936164a703e48362f9080d7162234058fb2ee63cc84d528afc
  md5: 1ca02aaf78d9c70d9a81a3bed5752022
  depends:
  - python !=3.0,!=3.1,!=3.2,!=3.3,!=3.4
  license: MIT
  license_family: MIT
  size: 32022
  timestamp: 1640197340002
- conda: https://conda.anaconda.org/conda-forge/osx-64/xz-5.8.2-h8df612c_0.conda
  sha256: 1cf3c0f80e2c2f18f9b925e7fe0f4540185958e47284f43edb37a1ae850f60a7
  md5: 6aceb22c49cb9c690fa7a9b700163c28
  depends:
  - __osx >=10.13
  - liblzma 5.8.2 h11316ed_0
  - liblzma-devel 5.8.2 h11316ed_0
  - xz-gpl-tools 5.8.2 h8df612c_0
  - xz-tools 5.8.2 h11316ed_0
  license: 0BSD AND LGPL-2.1-or-later AND GPL-2.0-or-later
  size: 24063
  timestamp: 1768753539300
- conda: https://conda.anaconda.org/conda-forge/osx-64/xz-gpl-tools-5.8.2-h8df612c_0.conda
  sha256: 79e605b287b55eec6e71727b1a6487f0d1dc032d0260cf15a9a0bdb337b3445b
  md5: dc48d35878e8be3fc20616673955752b
  depends:
  - __osx >=10.13
  - liblzma 5.8.2 h11316ed_0
  constrains:
  - xz 5.8.2.*
  license: 0BSD AND LGPL-2.1-or-later AND GPL-2.0-or-later
  size: 33987
  timestamp: 1768753509338
- conda: https://conda.anaconda.org/conda-forge/osx-64/xz-tools-5.8.2-h11316ed_0.conda
  sha256: c397fb97ed70e8d86d3426acce15b0f3aaef2c78ce3df5fd445b897bf3b7b9a0
  md5: 8c55281fadb998fba0bc4fd9268b6479
  depends:
  - __osx >=10.13
  - liblzma 5.8.2 h11316ed_0
  constrains:
  - xz 5.8.2.*
  license: 0BSD AND LGPL-2.1-or-later
  size: 85683
  timestamp: 1768753476737
